{
  "version": "4",
  "specifiers": {
    "jsr:@std/cache@~0.1.3": "0.1.3",
    "jsr:@valibot/valibot@~0.42.1": "0.42.1"
  },
  "jsr": {
    "@std/cache@0.1.3": {
      "integrity": "8d3ab61d994d0915295048999f34a8ce2280f0e4d1f4cccb08c9e3d297c0c6ec"
    },
    "@valibot/valibot@0.42.1": {
      "integrity": "ba0f6f7964aaeec0e4b1f793d575061f325ae6254cbb9d7ff01fb65068a0a23b"
    }
  },
  "workspace": {
    "dependencies": [
      "jsr:@std/cache@~0.1.3",
      "jsr:@valibot/valibot@~0.42.1"
    ]
  }
}
