{
  "version": "4",
  "specifiers": {
    "jsr:@std/cache@0.2": "0.2.0",
    "jsr:@valibot/valibot@1": "1.0.0"
  },
  "jsr": {
    "@std/cache@0.2.0": {
      "integrity": "63a2ccd5a9e7c03e430f7d34dfcfd0d0cfc90731a1eaf8208f4c66e418fc3035"
    },
    "@valibot/valibot@1.0.0": {
      "integrity": "2e16f77fb6a1721c0c219fe0eecdc902a2d8e3d45b98383b228eda93c394e4b7"
    }
  },
  "workspace": {
    "dependencies": [
      "jsr:@std/cache@0.2",
      "jsr:@valibot/valibot@1"
    ]
  }
}
